{
  "version": 4,
  "terraform_version": "1.3.2",
  "serial": 6,
  "lineage": "efa05173-74c6-3c91-a0fa-fe7adc6df335",
  "outputs": {},
  "resources": [
    {
      "mode": "managed",
      "type": "aws_vpc",
      "name": "ohio_vpc",
      "provider": "provider[\"registry.terraform.io/hashicorp/aws\"]",
      "instances": [
        {
          "schema_version": 1,
          "attributes": {
            "arn": "arn:aws:ec2:us-east-2:938233764575:vpc/vpc-0bbdb332285a46da1",
            "assign_generated_ipv6_cidr_block": false,
            "cidr_block": "10.0.0.0/24",
            "default_network_acl_id": "acl-03742c84e91c5f4fb",
            "default_route_table_id": "rtb-0c60b30ba6d447a84",
            "default_security_group_id": "sg-0953c9a59549a016e",
            "dhcp_options_id": "dopt-06b32a1b581262861",
            "enable_classiclink": false,
            "enable_classiclink_dns_support": false,
            "enable_dns_hostnames": false,
            "enable_dns_support": true,
            "enable_network_address_usage_metrics": false,
            "id": "vpc-0bbdb332285a46da1",
            "instance_tenancy": "default",
            "ipv4_ipam_pool_id": null,
            "ipv4_netmask_length": null,
            "ipv6_association_id": "",
            "ipv6_cidr_block": "",
            "ipv6_cidr_block_network_border_group": "",
            "ipv6_ipam_pool_id": "",
            "ipv6_netmask_length": 0,
            "main_route_table_id": "rtb-0c60b30ba6d447a84",
            "owner_id": "938233764575",
            "tags": {
              "Name": "ohio_vpc"
            },
            "tags_all": {
              "Name": "ohio_vpc"
            }
          },
          "sensitive_attributes": [],
          "private": "eyJzY2hlbWFfdmVyc2lvbiI6IjEifQ=="
        }
      ]
    }
  ],
  "check_results": []
}
